
Microsoft Visual Studio Solution File, Format Version 12.00
# Visual Studio Version 17
VisualStudioVersion = 17.8.34330.188
MinimumVisualStudioVersion = 10.0.40219.1
Project("{FAE04EC0-301F-11D3-BF4B-00C04F79EFBC}") = "Admin.Android", "Admin.Android\Admin.Android.csproj", "{DBA4A5BA-0D16-49BA-A748-11B69B27B507}"
EndProject
Project("{FAE04EC0-301F-11D3-BF4B-00C04F79EFBC}") = "Admin", "Admin\Admin.csproj", "{26F020A4-876C-49F6-B716-C0FA4824E170}"
EndProject
Global
	GlobalSection(SolutionConfigurationPlatforms) = preSolution
		Debug|Any CPU = Debug|Any CPU
		Release|Any CPU = Release|Any CPU
	EndGlobalSection
	GlobalSection(ProjectConfigurationPlatforms) = postSolution
		{DBA4A5BA-0D16-49BA-A748-11B69B27B507}.Debug|Any CPU.ActiveCfg = Debug|Any CPU
		{DBA4A5BA-0D16-49BA-A748-11B69B27B507}.Debug|Any CPU.Build.0 = Debug|Any CPU
		{DBA4A5BA-0D16-49BA-A748-11B69B27B507}.Debug|Any CPU.Deploy.0 = Debug|Any CPU
		{DBA4A5BA-0D16-49BA-A748-11B69B27B507}.Release|Any CPU.ActiveCfg = Release|Any CPU
		{DBA4A5BA-0D16-49BA-A748-11B69B27B507}.Release|Any CPU.Build.0 = Release|Any CPU
		{DBA4A5BA-0D16-49BA-A748-11B69B27B507}.Release|Any CPU.Deploy.0 = Release|Any CPU
		{26F020A4-876C-49F6-B716-C0FA4824E170}.Debug|Any CPU.ActiveCfg = Debug|Any CPU
		{26F020A4-876C-49F6-B716-C0FA4824E170}.Debug|Any CPU.Build.0 = Debug|Any CPU
		{26F020A4-876C-49F6-B716-C0FA4824E170}.Debug|Any CPU.Deploy.0 = Debug|Any CPU
		{26F020A4-876C-49F6-B716-C0FA4824E170}.Release|Any CPU.ActiveCfg = Release|Any CPU
		{26F020A4-876C-49F6-B716-C0FA4824E170}.Release|Any CPU.Build.0 = Release|Any CPU
		{26F020A4-876C-49F6-B716-C0FA4824E170}.Release|Any CPU.Deploy.0 = Release|Any CPU
	EndGlobalSection
	GlobalSection(SolutionProperties) = preSolution
		HideSolutionNode = FALSE
	EndGlobalSection
	GlobalSection(ExtensibilityGlobals) = postSolution
		SolutionGuid = {C69901D9-E644-4AEE-BDDA-3E3FC854E9DE}
	EndGlobalSection
EndGlobal
