
Microsoft Visual Studio Solution File, Format Version 12.00
# Visual Studio Version 17
VisualStudioVersion = 17.8.34309.116
MinimumVisualStudioVersion = 10.0.40219.1
Project("{FAE04EC0-301F-11D3-BF4B-00C04F79EFBC}") = "Admin_Module", "Admin_Module.csproj", "{9577E8BE-01AA-4D4B-9428-9528D345EDA1}"
EndProject
Project("{2150E333-8FDC-42A3-9474-1A3956D46DE8}") = "Solution Items", "Solution Items", "{CDA21C97-BCEC-4028-BF9E-1DF9CE66C25B}"
	ProjectSection(SolutionItems) = preProject
		.editorconfig = .editorconfig
	EndProjectSection
EndProject
Global
	GlobalSection(SolutionConfigurationPlatforms) = preSolution
		Debug|Any CPU = Debug|Any CPU
		Debug|x86 = Debug|x86
		Release|Any CPU = Release|Any CPU
		Release|x86 = Release|x86
	EndGlobalSection
	GlobalSection(ProjectConfigurationPlatforms) = postSolution
		{9577E8BE-01AA-4D4B-9428-9528D345EDA1}.Debug|Any CPU.ActiveCfg = Debug|Any CPU
		{9577E8BE-01AA-4D4B-9428-9528D345EDA1}.Debug|Any CPU.Build.0 = Debug|Any CPU
		{9577E8BE-01AA-4D4B-9428-9528D345EDA1}.Debug|x86.ActiveCfg = Debug|Any CPU
		{9577E8BE-01AA-4D4B-9428-9528D345EDA1}.Debug|x86.Build.0 = Debug|Any CPU
		{9577E8BE-01AA-4D4B-9428-9528D345EDA1}.Release|Any CPU.ActiveCfg = Release|Any CPU
		{9577E8BE-01AA-4D4B-9428-9528D345EDA1}.Release|Any CPU.Build.0 = Release|Any CPU
		{9577E8BE-01AA-4D4B-9428-9528D345EDA1}.Release|x86.ActiveCfg = Release|Any CPU
		{9577E8BE-01AA-4D4B-9428-9528D345EDA1}.Release|x86.Build.0 = Release|Any CPU
	EndGlobalSection
	GlobalSection(SolutionProperties) = preSolution
		HideSolutionNode = FALSE
	EndGlobalSection
	GlobalSection(ExtensibilityGlobals) = postSolution
		SolutionGuid = {8EDE5801-CCDE-4072-94B6-BBBF82B68AA8}
	EndGlobalSection
EndGlobal
